{
  "name": "src-unpack-to-chrome",
  "lockfileVersion": 2,
  "requires": true,
  "packages": {
    "": {
      "dependencies": {
        "rake-js": "^0.1.1"
      }
    },
    "node_modules/collapse-white-space": {
      "version": "1.0.6",
      "resolved": "https://registry.npmjs.org/collapse-white-space/-/collapse-white-space-1.0.6.tgz",
      "integrity": "sha512-jEovNnrhMuqyCcjfEJA56v0Xq8SkIoPKDyaHahwo3POf4qcSXqMYuwNcOTzp74vTsR9Tn08z4MxWqAhcekogkQ==",
      "funding": {
        "type": "github",
        "url": "https://github.com/sponsors/wooorm"
      }
    },
    "node_modules/condense-whitespace": {
      "version": "1.0.0",
      "resolved": "https://registry.npmjs.org/condense-whitespace/-/condense-whitespace-1.0.0.tgz",
      "integrity": "sha512-1eu4eAfuH4oongidVWOX8EkYUxTmav9SpEW1YUeNVWzrdgJTEoXFnF7WuLL+sI9SSQdfnKWjObAn/g9SkseUiw==",
      "engines": {
        "node": ">=0.10.0"
      }
    },
    "node_modules/franc": {
      "version": "3.1.1",
      "resolved": "https://registry.npmjs.org/franc/-/franc-3.1.1.tgz",
      "integrity": "sha512-AV6c8eGQRl3lxtC43ESNZZFddUsYIVmxaXQiVtuRNPy2MHeFvxZhQrvaV28t16GwxPYrwm5dAwt+PRBZRRQZpA==",
      "dependencies": {
        "trigram-utils": "^1.0.0"
      }
    },
    "node_modules/lodash": {
      "version": "4.17.21",
      "resolved": "https://registry.npmjs.org/lodash/-/lodash-4.17.21.tgz",
      "integrity": "sha512-v2kDEe57lecTulaDIuNTPy3Ry4gLGJ6Z1O3vE1krgXZNrsQ+LFTGHVxVjcXPs17LhbZVGedAJv8XZ1tvj5FvSg=="
    },
    "node_modules/n-gram": {
      "version": "1.1.2",
      "resolved": "https://registry.npmjs.org/n-gram/-/n-gram-1.1.2.tgz",
      "integrity": "sha512-mBTpWKp0NHdujHmxrskPg2jc108mjyMmVxHN1rZGK/ogTLi9O0debDIXlQPqotNELdNmVGtL4jr7SCig+4OWvQ==",
      "funding": {
        "type": "github",
        "url": "https://github.com/sponsors/wooorm"
      }
    },
    "node_modules/rake-js": {
      "version": "0.1.1",
      "resolved": "https://registry.npmjs.org/rake-js/-/rake-js-0.1.1.tgz",
      "integrity": "sha512-NARP3fiQok9El3ewwszuwVbCnxLiggNOBBDSt4LB9HFjbUUjKQEQncO8Fq9C9TUapChMsYz7NgvICiOhdF+HYg==",
      "dependencies": {
        "condense-whitespace": "^1.0.0",
        "franc": "^3.1.0",
        "lodash": "^4.17.4",
        "snowball": "^0.3.1"
      }
    },
    "node_modules/snowball": {
      "version": "0.3.1",
      "resolved": "https://registry.npmjs.org/snowball/-/snowball-0.3.1.tgz",
      "integrity": "sha512-mCgdHVUCYV2W67Wm75phNERUQ01a6k1Rbjm3l2wF3QWVaxLxf2Iu3Jm3nWlZW3S6g0SdQcn9AEsnhgBoplw+3g==",
      "engines": {
        "node": ">=0"
      }
    },
    "node_modules/trigram-utils": {
      "version": "1.0.3",
      "resolved": "https://registry.npmjs.org/trigram-utils/-/trigram-utils-1.0.3.tgz",
      "integrity": "sha512-UAhS1Ll21FtClVIzIN0I/SmGnJ+D08BOxX7Dl1penV8raC0ksf2dJkhNI6kU1Mj3uT86Bul12iMvxXquXSYSng==",
      "dependencies": {
        "collapse-white-space": "^1.0.0",
        "n-gram": "^1.0.0",
        "trim": "0.0.1"
      },
      "funding": {
        "type": "github",
        "url": "https://github.com/sponsors/wooorm"
      }
    },
    "node_modules/trim": {
      "version": "0.0.1",
      "resolved": "https://registry.npmjs.org/trim/-/trim-0.0.1.tgz",
      "integrity": "sha512-YzQV+TZg4AxpKxaTHK3c3D+kRDCGVEE7LemdlQZoQXn0iennk10RsIoY6ikzAqJTc9Xjl9C1/waHom/J86ziAQ==",
      "deprecated": "Use String.prototype.trim() instead"
    }
  },
  "dependencies": {
    "collapse-white-space": {
      "version": "1.0.6",
      "resolved": "https://registry.npmjs.org/collapse-white-space/-/collapse-white-space-1.0.6.tgz",
      "integrity": "sha512-jEovNnrhMuqyCcjfEJA56v0Xq8SkIoPKDyaHahwo3POf4qcSXqMYuwNcOTzp74vTsR9Tn08z4MxWqAhcekogkQ=="
    },
    "condense-whitespace": {
      "version": "1.0.0",
      "resolved": "https://registry.npmjs.org/condense-whitespace/-/condense-whitespace-1.0.0.tgz",
      "integrity": "sha512-1eu4eAfuH4oongidVWOX8EkYUxTmav9SpEW1YUeNVWzrdgJTEoXFnF7WuLL+sI9SSQdfnKWjObAn/g9SkseUiw=="
    },
    "franc": {
      "version": "3.1.1",
      "resolved": "https://registry.npmjs.org/franc/-/franc-3.1.1.tgz",
      "integrity": "sha512-AV6c8eGQRl3lxtC43ESNZZFddUsYIVmxaXQiVtuRNPy2MHeFvxZhQrvaV28t16GwxPYrwm5dAwt+PRBZRRQZpA==",
      "requires": {
        "trigram-utils": "^1.0.0"
      }
    },
    "lodash": {
      "version": "4.17.21",
      "resolved": "https://registry.npmjs.org/lodash/-/lodash-4.17.21.tgz",
      "integrity": "sha512-v2kDEe57lecTulaDIuNTPy3Ry4gLGJ6Z1O3vE1krgXZNrsQ+LFTGHVxVjcXPs17LhbZVGedAJv8XZ1tvj5FvSg=="
    },
    "n-gram": {
      "version": "1.1.2",
      "resolved": "https://registry.npmjs.org/n-gram/-/n-gram-1.1.2.tgz",
      "integrity": "sha512-mBTpWKp0NHdujHmxrskPg2jc108mjyMmVxHN1rZGK/ogTLi9O0debDIXlQPqotNELdNmVGtL4jr7SCig+4OWvQ=="
    },
    "rake-js": {
      "version": "0.1.1",
      "resolved": "https://registry.npmjs.org/rake-js/-/rake-js-0.1.1.tgz",
      "integrity": "sha512-NARP3fiQok9El3ewwszuwVbCnxLiggNOBBDSt4LB9HFjbUUjKQEQncO8Fq9C9TUapChMsYz7NgvICiOhdF+HYg==",
      "requires": {
        "condense-whitespace": "^1.0.0",
        "franc": "^3.1.0",
        "lodash": "^4.17.4",
        "snowball": "^0.3.1"
      }
    },
    "snowball": {
      "version": "0.3.1",
      "resolved": "https://registry.npmjs.org/snowball/-/snowball-0.3.1.tgz",
      "integrity": "sha512-mCgdHVUCYV2W67Wm75phNERUQ01a6k1Rbjm3l2wF3QWVaxLxf2Iu3Jm3nWlZW3S6g0SdQcn9AEsnhgBoplw+3g=="
    },
    "trigram-utils": {
      "version": "1.0.3",
      "resolved": "https://registry.npmjs.org/trigram-utils/-/trigram-utils-1.0.3.tgz",
      "integrity": "sha512-UAhS1Ll21FtClVIzIN0I/SmGnJ+D08BOxX7Dl1penV8raC0ksf2dJkhNI6kU1Mj3uT86Bul12iMvxXquXSYSng==",
      "requires": {
        "collapse-white-space": "^1.0.0",
        "n-gram": "^1.0.0",
        "trim": "0.0.1"
      }
    },
    "trim": {
      "version": "0.0.1",
      "resolved": "https://registry.npmjs.org/trim/-/trim-0.0.1.tgz",
      "integrity": "sha512-YzQV+TZg4AxpKxaTHK3c3D+kRDCGVEE7LemdlQZoQXn0iennk10RsIoY6ikzAqJTc9Xjl9C1/waHom/J86ziAQ=="
    }
  }
}
